// !$*UTF8*$!
{
	archiveVersion = 1;
	classes = {
	};
	objectVersion = 46;
	objects = {

/* Begin PBXBuildFile section */
		DF8429B6172801DD00677A87 /* UIKit.framework in Frameworks */ = {isa = PBXBuildFile; fileRef = DF8429B5172801DD00677A87 /* UIKit.framework */; };
		DF8429B8172801DD00677A87 /* Foundation.framework in Frameworks */ = {isa = PBXBuildFile; fileRef = DF8429B7172801DD00677A87 /* Foundation.framework */; };
		DF8429BA172801DD00677A87 /* CoreGraphics.framework in Frameworks */ = {isa = PBXBuildFile; fileRef = DF8429B9172801DD00677A87 /* CoreGraphics.framework */; };
		DF8429C0172801DD00677A87 /* InfoPlist.strings in Resources */ = {isa = PBXBuildFile; fileRef = DF8429BE172801DD00677A87 /* InfoPlist.strings */; };
		DF8429C2172801DD00677A87 /* main.m in Sources */ = {isa = PBXBuildFile; fileRef = DF8429C1172801DD00677A87 /* main.m */; };
		DF8429C6172801DD00677A87 /* h1AppDelegate.m in Sources */ = {isa = PBXBuildFile; fileRef = DF8429C5172801DD00677A87 /* h1AppDelegate.m */; };
		DF8429C8172801DD00677A87 /* Default.png in Resources */ = {isa = PBXBuildFile; fileRef = DF8429C7172801DD00677A87 /* Default.png */; };
		DF8429CA172801DD00677A87 /* Default@2x.png in Resources */ = {isa = PBXBuildFile; fileRef = DF8429C9172801DD00677A87 /* Default@2x.png */; };
		DF8429CC172801DD00677A87 /* Default-568h@2x.png in Resources */ = {isa = PBXBuildFile; fileRef = DF8429CB172801DD00677A87 /* Default-568h@2x.png */; };
		DF8429CF172801DD00677A87 /* MainStoryboard.storyboard in Resources */ = {isa = PBXBuildFile; fileRef = DF8429CD172801DD00677A87 /* MainStoryboard.storyboard */; };
		DF8429D2172801DD00677A87 /* h1ViewController.m in Sources */ = {isa = PBXBuildFile; fileRef = DF8429D1172801DD00677A87 /* h1ViewController.m */; };
/* End PBXBuildFile section */

/* Begin PBXFileReference section */
		DF8429B2172801DD00677A87 /* h1.app */ = {isa = PBXFileReference; explicitFileType = wrapper.application; includeInIndex = 0; path = h1.app; sourceTree = BUILT_PRODUCTS_DIR; };
		DF8429B5172801DD00677A87 /* UIKit.framework */ = {isa = PBXFileReference; lastKnownFileType = wrapper.framework; name = UIKit.framework; path = System/Library/Frameworks/UIKit.framework; sourceTree = SDKROOT; };
		DF8429B7172801DD00677A87 /* Foundation.framework */ = {isa = PBXFileReference; lastKnownFileType = wrapper.framework; name = Foundation.framework; path = System/Library/Frameworks/Foundation.framework; sourceTree = SDKROOT; };
		DF8429B9172801DD00677A87 /* CoreGraphics.framework */ = {isa = PBXFileReference; lastKnownFileType = wrapper.framework; name = CoreGraphics.framework; path = System/Library/Frameworks/CoreGraphics.framework; sourceTree = SDKROOT; };
		DF8429BD172801DD00677A87 /* h1-Info.plist */ = {isa = PBXFileReference; lastKnownFileType = text.plist.xml; path = "h1-Info.plist"; sourceTree = "<group>"; };
		DF8429BF172801DD00677A87 /* en */ = {isa = PBXFileReference; lastKnownFileType = text.plist.strings; name = en; path = en.lproj/InfoPlist.strings; sourceTree = "<group>"; };
		DF8429C1172801DD00677A87 /* main.m */ = {isa = PBXFileReference; lastKnownFileType = sourcecode.c.objc; path = main.m; sourceTree = "<group>"; };
		DF8429C3172801DD00677A87 /* h1-Prefix.pch */ = {isa = PBXFileReference; lastKnownFileType = sourcecode.c.h; path = "h1-Prefix.pch"; sourceTree = "<group>"; };
		DF8429C4172801DD00677A87 /* h1AppDelegate.h */ = {isa = PBXFileReference; lastKnownFileType = sourcecode.c.h; path = h1AppDelegate.h; sourceTree = "<group>"; };
		DF8429C5172801DD00677A87 /* h1AppDelegate.m */ = {isa = PBXFileReference; lastKnownFileType = sourcecode.c.objc; path = h1AppDelegate.m; sourceTree = "<group>"; };
		DF8429C7172801DD00677A87 /* Default.png */ = {isa = PBXFileReference; lastKnownFileType = image.png; path = Default.png; sourceTree = "<group>"; };
		DF8429C9172801DD00677A87 /* Default@2x.png */ = {isa = PBXFileReference; lastKnownFileType = image.png; path = "Default@2x.png"; sourceTree = "<group>"; };
		DF8429CB172801DD00677A87 /* Default-568h@2x.png */ = {isa = PBXFileReference; lastKnownFileType = image.png; path = "Default-568h@2x.png"; sourceTree = "<group>"; };
		DF8429CE172801DD00677A87 /* en */ = {isa = PBXFileReference; lastKnownFileType = file.storyboard; name = en; path = en.lproj/MainStoryboard.storyboard; sourceTree = "<group>"; };
		DF8429D0172801DD00677A87 /* h1ViewController.h */ = {isa = PBXFileReference; lastKnownFileType = sourcecode.c.h; path = h1ViewController.h; sourceTree = "<group>"; };
		DF8429D1172801DD00677A87 /* h1ViewController.m */ = {isa = PBXFileReference; lastKnownFileType = sourcecode.c.objc; path = h1ViewController.m; sourceTree = "<group>"; };
/* End PBXFileReference section */

/* Begin PBXFrameworksBuildPhase section */
		DF8429AF172801DD00677A87 /* Frameworks */ = {
			isa = PBXFrameworksBuildPhase;
			buildActionMask = 2147483647;
			files = (
				DF8429B6172801DD00677A87 /* UIKit.framework in Frameworks */,
				DF8429B8172801DD00677A87 /* Foundation.framework in Frameworks */,
				DF8429BA172801DD00677A87 /* CoreGraphics.framework in Frameworks */,
			);
			runOnlyForDeploymentPostprocessing = 0;
		};
/* End PBXFrameworksBuildPhase section */

/* Begin PBXGroup section */
		DF8429A9172801DD00677A87 = {
			isa = PBXGroup;
			children = (
				DF8429BB172801DD00677A87 /* h1 */,
				DF8429B4172801DD00677A87 /* Frameworks */,
				DF8429B3172801DD00677A87 /* Products */,
			);
			sourceTree = "<group>";
		};
		DF8429B3172801DD00677A87 /* Products */ = {
			isa = PBXGroup;
			children = (
				DF8429B2172801DD00677A87 /* h1.app */,
			);
			name = Products;
			sourceTree = "<group>";
		};
		DF8429B4172801DD00677A87 /* Frameworks */ = {
			isa = PBXGroup;
			children = (
				DF8429B5172801DD00677A87 /* UIKit.framework */,
				DF8429B7172801DD00677A87 /* Foundation.framework */,
				DF8429B9172801DD00677A87 /* CoreGraphics.framework */,
			);
			name = Frameworks;
			sourceTree = "<group>";
		};
		DF8429BB172801DD00677A87 /* h1 */ = {
			isa = PBXGroup;
			children = (
				DF8429C4172801DD00677A87 /* h1AppDelegate.h */,
				DF8429C5172801DD00677A87 /* h1AppDelegate.m */,
				DF8429CD172801DD00677A87 /* MainStoryboard.storyboard */,
				DF8429D0172801DD00677A87 /* h1ViewController.h */,
				DF8429D1172801DD00677A87 /* h1ViewController.m */,
				DF8429BC172801DD00677A87 /* Supporting Files */,
			);
			path = h1;
			sourceTree = "<group>";
		};
		DF8429BC172801DD00677A87 /* Supporting Files */ = {
			isa = PBXGroup;
			children = (
				DF8429BD172801DD00677A87 /* h1-Info.plist */,
				DF8429BE172801DD00677A87 /* InfoPlist.strings */,
				DF8429C1172801DD00677A87 /* main.m */,
				DF8429C3172801DD00677A87 /* h1-Prefix.pch */,
				DF8429C7172801DD00677A87 /* Default.png */,
				DF8429C9172801DD00677A87 /* Default@2x.png */,
				DF8429CB172801DD00677A87 /* Default-568h@2x.png */,
			);
			name = "Supporting Files";
			sourceTree = "<group>";
		};
/* End PBXGroup section */

/* Begin PBXNativeTarget section */
		DF8429B1172801DD00677A87 /* h1 */ = {
			isa = PBXNativeTarget;
			buildConfigurationList = DF8429D5172801DD00677A87 /* Build configuration list for PBXNativeTarget "h1" */;
			buildPhases = (
				DF8429AE172801DD00677A87 /* Sources */,
				DF8429AF172801DD00677A87 /* Frameworks */,
				DF8429B0172801DD00677A87 /* Resources */,
			);
			buildRules = (
			);
			dependencies = (
			);
			name = h1;
			productName = h1;
			productReference = DF8429B2172801DD00677A87 /* h1.app */;
			productType = "com.apple.product-type.application";
		};
/* End PBXNativeTarget section */

/* Begin PBXProject section */
		DF8429AA172801DD00677A87 /* Project object */ = {
			isa = PBXProject;
			attributes = {
				CLASSPREFIX = h1;
				LastUpgradeCheck = 0460;
				ORGANIZATIONNAME = eerr06;
			};
			buildConfigurationList = DF8429AD172801DD00677A87 /* Build configuration list for PBXProject "h1" */;
			compatibilityVersion = "Xcode 3.2";
			developmentRegion = English;
			hasScannedForEncodings = 0;
			knownRegions = (
				en,
			);
			mainGroup = DF8429A9172801DD00677A87;
			productRefGroup = DF8429B3172801DD00677A87 /* Products */;
			projectDirPath = "";
			projectRoot = "";
			targets = (
				DF8429B1172801DD00677A87 /* h1 */,
			);
		};
/* End PBXProject section */

/* Begin PBXResourcesBuildPhase section */
		DF8429B0172801DD00677A87 /* Resources */ = {
			isa = PBXResourcesBuildPhase;
			buildActionMask = 2147483647;
			files = (
				DF8429C0172801DD00677A87 /* InfoPlist.strings in Resources */,
				DF8429C8172801DD00677A87 /* Default.png in Resources */,
				DF8429CA172801DD00677A87 /* Default@2x.png in Resources */,
				DF8429CC172801DD00677A87 /* Default-568h@2x.png in Resources */,
				DF8429CF172801DD00677A87 /* MainStoryboard.storyboard in Resources */,
			);
			runOnlyForDeploymentPostprocessing = 0;
		};
/* End PBXResourcesBuildPhase section */

/* Begin PBXSourcesBuildPhase section */
		DF8429AE172801DD00677A87 /* Sources */ = {
			isa = PBXSourcesBuildPhase;
			buildActionMask = 2147483647;
			files = (
				DF8429C2172801DD00677A87 /* main.m in Sources */,
				DF8429C6172801DD00677A87 /* h1AppDelegate.m in Sources */,
				DF8429D2172801DD00677A87 /* h1ViewController.m in Sources */,
			);
			runOnlyForDeploymentPostprocessing = 0;
		};
/* End PBXSourcesBuildPhase section */

/* Begin PBXVariantGroup section */
		DF8429BE172801DD00677A87 /* InfoPlist.strings */ = {
			isa = PBXVariantGroup;
			children = (
				DF8429BF172801DD00677A87 /* en */,
			);
			name = InfoPlist.strings;
			sourceTree = "<group>";
		};
		DF8429CD172801DD00677A87 /* MainStoryboard.storyboard */ = {
			isa = PBXVariantGroup;
			children = (
				DF8429CE172801DD00677A87 /* en */,
			);
			name = MainStoryboard.storyboard;
			sourceTree = "<group>";
		};
/* End PBXVariantGroup section */

/* Begin XCBuildConfiguration section */
		DF8429D3172801DD00677A87 /* Debug */ = {
			isa = XCBuildConfiguration;
			buildSettings = {
				ALWAYS_SEARCH_USER_PATHS = NO;
				CLANG_CXX_LANGUAGE_STANDARD = "gnu++0x";
				CLANG_CXX_LIBRARY = "libc++";
				CLANG_ENABLE_OBJC_ARC = YES;
				CLANG_WARN_CONSTANT_CONVERSION = YES;
				CLANG_WARN_EMPTY_BODY = YES;
				CLANG_WARN_ENUM_CONVERSION = YES;
				CLANG_WARN_INT_CONVERSION = YES;
				CLANG_WARN__DUPLICATE_METHOD_MATCH = YES;
				"CODE_SIGN_IDENTITY[sdk=iphoneos*]" = "iPhone Developer";
				COPY_PHASE_STRIP = NO;
				GCC_C_LANGUAGE_STANDARD = gnu99;
				GCC_DYNAMIC_NO_PIC = NO;
				GCC_OPTIMIZATION_LEVEL = 0;
				GCC_PREPROCESSOR_DEFINITIONS = (
					"DEBUG=1",
					"$(inherited)",
				);
				GCC_SYMBOLS_PRIVATE_EXTERN = NO;
				GCC_WARN_ABOUT_RETURN_TYPE = YES;
				GCC_WARN_UNINITIALIZED_AUTOS = YES;
				GCC_WARN_UNUSED_VARIABLE = YES;
				IPHONEOS_DEPLOYMENT_TARGET = 6.1;
				ONLY_ACTIVE_ARCH = YES;
				SDKROOT = iphoneos;
			};
			name = Debug;
		};
		DF8429D4172801DD00677A87 /* Release */ = {
			isa = XCBuildConfiguration;
			buildSettings = {
				ALWAYS_SEARCH_USER_PATHS = NO;
				CLANG_CXX_LANGUAGE_STANDARD = "gnu++0x";
				CLANG_CXX_LIBRARY = "libc++";
				CLANG_ENABLE_OBJC_ARC = YES;
				CLANG_WARN_CONSTANT_CONVERSION = YES;
				CLANG_WARN_EMPTY_BODY = YES;
				CLANG_WARN_ENUM_CONVERSION = YES;
				CLANG_WARN_INT_CONVERSION = YES;
				CLANG_WARN__DUPLICATE_METHOD_MATCH = YES;
				"CODE_SIGN_IDENTITY[sdk=iphoneos*]" = "iPhone Developer";
				COPY_PHASE_STRIP = YES;
				GCC_C_LANGUAGE_STANDARD = gnu99;
				GCC_WARN_ABOUT_RETURN_TYPE = YES;
				GCC_WARN_UNINITIALIZED_AUTOS = YES;
				GCC_WARN_UNUSED_VARIABLE = YES;
				IPHONEOS_DEPLOYMENT_TARGET = 6.1;
				OTHER_CFLAGS = "-DNS_BLOCK_ASSERTIONS=1";
				SDKROOT = iphoneos;
				VALIDATE_PRODUCT = YES;
			};
			name = Release;
		};
		DF8429D6172801DD00677A87 /* Debug */ = {
			isa = XCBuildConfiguration;
			buildSettings = {
				GCC_PRECOMPILE_PREFIX_HEADER = YES;
				GCC_PREFIX_HEADER = "h1/h1-Prefix.pch";
				INFOPLIST_FILE = "h1/h1-Info.plist";
				PRODUCT_NAME = "$(TARGET_NAME)";
				WRAPPER_EXTENSION = app;
			};
			name = Debug;
		};
		DF8429D7172801DD00677A87 /* Release */ = {
			isa = XCBuildConfiguration;
			buildSettings = {
				GCC_PRECOMPILE_PREFIX_HEADER = YES;
				GCC_PREFIX_HEADER = "h1/h1-Prefix.pch";
				INFOPLIST_FILE = "h1/h1-Info.plist";
				PRODUCT_NAME = "$(TARGET_NAME)";
				WRAPPER_EXTENSION = app;
			};
			name = Release;
		};
/* End XCBuildConfiguration section */

/* Begin XCConfigurationList section */
		DF8429AD172801DD00677A87 /* Build configuration list for PBXProject "h1" */ = {
			isa = XCConfigurationList;
			buildConfigurations = (
				DF8429D3172801DD00677A87 /* Debug */,
				DF8429D4172801DD00677A87 /* Release */,
			);
			defaultConfigurationIsVisible = 0;
			defaultConfigurationName = Release;
		};
		DF8429D5172801DD00677A87 /* Build configuration list for PBXNativeTarget "h1" */ = {
			isa = XCConfigurationList;
			buildConfigurations = (
				DF8429D6172801DD00677A87 /* Debug */,
				DF8429D7172801DD00677A87 /* Release */,
			);
			defaultConfigurationIsVisible = 0;
		};
/* End XCConfigurationList section */
	};
	rootObject = DF8429AA172801DD00677A87 /* Project object */;
}
